
Microsoft Visual Studio Solution File, Format Version 12.00
# Visual Studio Version 17
VisualStudioVersion = 17.0.31903.59
MinimumVisualStudioVersion = 10.0.40219.1
Project("{FAE04EC0-301F-11D3-BF4B-00C04F79EFBC}") = "GirCalculator.Web", "GirCalculator.Web\GirCalculator.Web.csproj", "{D5FC8835-7F45-43F6-A860-2B1EDFA039FD}"
EndProject
Project("{FAE04EC0-301F-11D3-BF4B-00C04F79EFBC}") = "GirCalculator.Tests", "GirCalculator.Tests\GirCalculator.Tests.csproj", "{FD22A870-F07E-431C-AE46-47DAD08D07D8}"
EndProject
Global
	GlobalSection(SolutionConfigurationPlatforms) = preSolution
		Debug|Any CPU = Debug|Any CPU
		Release|Any CPU = Release|Any CPU
	EndGlobalSection
	GlobalSection(SolutionProperties) = preSolution
		HideSolutionNode = FALSE
	EndGlobalSection
	GlobalSection(ProjectConfigurationPlatforms) = postSolution
		{D5FC8835-7F45-43F6-A860-2B1EDFA039FD}.Debug|Any CPU.ActiveCfg = Debug|Any CPU
		{D5FC8835-7F45-43F6-A860-2B1EDFA039FD}.Debug|Any CPU.Build.0 = Debug|Any CPU
		{D5FC8835-7F45-43F6-A860-2B1EDFA039FD}.Release|Any CPU.ActiveCfg = Release|Any CPU
		{D5FC8835-7F45-43F6-A860-2B1EDFA039FD}.Release|Any CPU.Build.0 = Release|Any CPU
		{FD22A870-F07E-431C-AE46-47DAD08D07D8}.Debug|Any CPU.ActiveCfg = Debug|Any CPU
		{FD22A870-F07E-431C-AE46-47DAD08D07D8}.Debug|Any CPU.Build.0 = Debug|Any CPU
		{FD22A870-F07E-431C-AE46-47DAD08D07D8}.Release|Any CPU.ActiveCfg = Release|Any CPU
		{FD22A870-F07E-431C-AE46-47DAD08D07D8}.Release|Any CPU.Build.0 = Release|Any CPU
	EndGlobalSection
EndGlobal
